
Microsoft Visual Studio Solution File, Format Version 12.00
# Visual Studio 14
VisualStudioVersion = 14.0.25420.1
MinimumVisualStudioVersion = 10.0.40219.1
Project("{FAE04EC0-301F-11D3-BF4B-00C04F79EFBC}") = "Forum.Web", "Forum.Web\Forum.Web.csproj", "{37580320-DB9A-482B-80C7-C65DCF653ADD}"
EndProject
Project("{FAE04EC0-301F-11D3-BF4B-00C04F79EFBC}") = "Forum.Framework", "Forum.Framework\Forum.Framework.csproj", "{5967AFC7-362C-4C78-9B1E-676F94901592}"
EndProject
Project("{FAE04EC0-301F-11D3-BF4B-00C04F79EFBC}") = "Forum.Domain", "Forum.Domain\Forum.Domain.csproj", "{6B71E2D0-4BA7-41B4-B96F-2150D6047B88}"
EndProject
Project("{FAE04EC0-301F-11D3-BF4B-00C04F79EFBC}") = "Forum.Service", "Forum.Service\Forum.Service.csproj", "{3063B06F-356B-497C-91A1-48ABF34E89B0}"
EndProject
Global
	GlobalSection(SolutionConfigurationPlatforms) = preSolution
		Debug|Any CPU = Debug|Any CPU
		Release|Any CPU = Release|Any CPU
	EndGlobalSection
	GlobalSection(ProjectConfigurationPlatforms) = postSolution
		{37580320-DB9A-482B-80C7-C65DCF653ADD}.Debug|Any CPU.ActiveCfg = Debug|Any CPU
		{37580320-DB9A-482B-80C7-C65DCF653ADD}.Debug|Any CPU.Build.0 = Debug|Any CPU
		{37580320-DB9A-482B-80C7-C65DCF653ADD}.Release|Any CPU.ActiveCfg = Release|Any CPU
		{37580320-DB9A-482B-80C7-C65DCF653ADD}.Release|Any CPU.Build.0 = Release|Any CPU
		{5967AFC7-362C-4C78-9B1E-676F94901592}.Debug|Any CPU.ActiveCfg = Debug|Any CPU
		{5967AFC7-362C-4C78-9B1E-676F94901592}.Debug|Any CPU.Build.0 = Debug|Any CPU
		{5967AFC7-362C-4C78-9B1E-676F94901592}.Release|Any CPU.ActiveCfg = Release|Any CPU
		{5967AFC7-362C-4C78-9B1E-676F94901592}.Release|Any CPU.Build.0 = Release|Any CPU
		{6B71E2D0-4BA7-41B4-B96F-2150D6047B88}.Debug|Any CPU.ActiveCfg = Debug|Any CPU
		{6B71E2D0-4BA7-41B4-B96F-2150D6047B88}.Debug|Any CPU.Build.0 = Debug|Any CPU
		{6B71E2D0-4BA7-41B4-B96F-2150D6047B88}.Release|Any CPU.ActiveCfg = Release|Any CPU
		{6B71E2D0-4BA7-41B4-B96F-2150D6047B88}.Release|Any CPU.Build.0 = Release|Any CPU
		{3063B06F-356B-497C-91A1-48ABF34E89B0}.Debug|Any CPU.ActiveCfg = Debug|Any CPU
		{3063B06F-356B-497C-91A1-48ABF34E89B0}.Debug|Any CPU.Build.0 = Debug|Any CPU
		{3063B06F-356B-497C-91A1-48ABF34E89B0}.Release|Any CPU.ActiveCfg = Release|Any CPU
		{3063B06F-356B-497C-91A1-48ABF34E89B0}.Release|Any CPU.Build.0 = Release|Any CPU
	EndGlobalSection
	GlobalSection(SolutionProperties) = preSolution
		HideSolutionNode = FALSE
	EndGlobalSection
EndGlobal
